
Microsoft Visual Studio Solution File, Format Version 12.00
# Visual Studio Version 17
VisualStudioVersion = 17.3.32901.215
MinimumVisualStudioVersion = 10.0.40219.1
Project("{FAE04EC0-301F-11D3-BF4B-00C04F79EFBC}") = "Baitap", "Baitap\Baitap.csproj", "{F6773CC5-536A-4CD8-8BAF-65848902C0A9}"
EndProject
Global
	GlobalSection(SolutionConfigurationPlatforms) = preSolution
		Debug|Any CPU = Debug|Any CPU
		Release|Any CPU = Release|Any CPU
	EndGlobalSection
	GlobalSection(ProjectConfigurationPlatforms) = postSolution
		{F6773CC5-536A-4CD8-8BAF-65848902C0A9}.Debug|Any CPU.ActiveCfg = Debug|Any CPU
		{F6773CC5-536A-4CD8-8BAF-65848902C0A9}.Debug|Any CPU.Build.0 = Debug|Any CPU
		{F6773CC5-536A-4CD8-8BAF-65848902C0A9}.Release|Any CPU.ActiveCfg = Release|Any CPU
		{F6773CC5-536A-4CD8-8BAF-65848902C0A9}.Release|Any CPU.Build.0 = Release|Any CPU
	EndGlobalSection
	GlobalSection(SolutionProperties) = preSolution
		HideSolutionNode = FALSE
	EndGlobalSection
	GlobalSection(ExtensibilityGlobals) = postSolution
		SolutionGuid = {D8E7C8B7-088C-4DCF-AD41-E9A7383D9983}
	EndGlobalSection
EndGlobal
